
Microsoft Visual Studio Solution File, Format Version 12.00
# Visual Studio 15
VisualStudioVersion = 15.0.27428.2037
MinimumVisualStudioVersion = 10.0.40219.1
Project("{FAE04EC0-301F-11D3-BF4B-00C04F79EFBC}") = "MvcSong", "MvcSong\MvcSong.csproj", "{22680A60-A203-4123-BC8D-F712E6CCD718}"
EndProject
Global
	GlobalSection(SolutionConfigurationPlatforms) = preSolution
		Debug|Any CPU = Debug|Any CPU
		Release|Any CPU = Release|Any CPU
	EndGlobalSection
	GlobalSection(ProjectConfigurationPlatforms) = postSolution
		{22680A60-A203-4123-BC8D-F712E6CCD718}.Debug|Any CPU.ActiveCfg = Debug|Any CPU
		{22680A60-A203-4123-BC8D-F712E6CCD718}.Debug|Any CPU.Build.0 = Debug|Any CPU
		{22680A60-A203-4123-BC8D-F712E6CCD718}.Release|Any CPU.ActiveCfg = Release|Any CPU
		{22680A60-A203-4123-BC8D-F712E6CCD718}.Release|Any CPU.Build.0 = Release|Any CPU
	EndGlobalSection
	GlobalSection(SolutionProperties) = preSolution
		HideSolutionNode = FALSE
	EndGlobalSection
	GlobalSection(ExtensibilityGlobals) = postSolution
		SolutionGuid = {1B76B865-B73F-48C1-A356-E73CBB56283C}
	EndGlobalSection
EndGlobal
